
Microsoft Visual Studio Solution File, Format Version 12.00
# Visual Studio Version 17
VisualStudioVersion = 17.14.36429.23 d17.14
MinimumVisualStudioVersion = 10.0.40219.1
Project("{8BC9CEB8-8B4A-11D0-8D11-00A0C91BC942}") = "HelloSiv3D", "HelloSiv3D.vcxproj", "{F4E8BFC2-0652-47BA-8FCB-F8DDBAF06C3C}"
EndProject
Global
	GlobalSection(SolutionConfigurationPlatforms) = preSolution
		Debug|x64 = Debug|x64
		Release|x64 = Release|x64
	EndGlobalSection
	GlobalSection(ProjectConfigurationPlatforms) = postSolution
		{F4E8BFC2-0652-47BA-8FCB-F8DDBAF06C3C}.Debug|x64.ActiveCfg = Debug|x64
		{F4E8BFC2-0652-47BA-8FCB-F8DDBAF06C3C}.Debug|x64.Build.0 = Debug|x64
		{F4E8BFC2-0652-47BA-8FCB-F8DDBAF06C3C}.Release|x64.ActiveCfg = Release|x64
		{F4E8BFC2-0652-47BA-8FCB-F8DDBAF06C3C}.Release|x64.Build.0 = Release|x64
	EndGlobalSection
	GlobalSection(SolutionProperties) = preSolution
		HideSolutionNode = FALSE
	EndGlobalSection
	GlobalSection(ExtensibilityGlobals) = postSolution
		SolutionGuid = {6901FE6F-81A1-45DF-B0A0-757180FBE70A}
	EndGlobalSection
EndGlobal
